schema: '2.0'
stages:
  data_ingestion:
    cmd: python src/data_ingestion.py
    deps:
    - path: src/data_ingestion.py
      hash: md5
      md5: 21c0be0dcfdc378e97a3effdd4577d6e
      size: 3631
    params:
      params.yaml:
        data_ingestion.test_size: 0.2
    outs:
    - path: data/raw
      hash: md5
      md5: 1a287d34dc172d9f950c03dae35f7e73.dir
      size: 484846
      nfiles: 2
  data_preprocessing:
    cmd: python src/data_preprocessing.py
    deps:
    - path: data/raw
      hash: md5
      md5: 1a287d34dc172d9f950c03dae35f7e73.dir
      size: 484846
      nfiles: 2
    - path: src/data_preprocessing.py
      hash: md5
      md5: 3ee7e26dd5d684152ab8e493fb44d154
      size: 4035
    outs:
    - path: data/interim
      hash: md5
      md5: d99be5cb2b019d747166f90739fa6d08.dir
      size: 260073
      nfiles: 2
  feature_engineering:
    cmd: python src/feature_engineering.py
    deps:
    - path: data/interim
      hash: md5
      md5: d99be5cb2b019d747166f90739fa6d08.dir
      size: 260073
      nfiles: 2
    - path: src/feature_engineering.py
      hash: md5
      md5: 323ab1fe8aeb80af91cc1cf05cb058df
      size: 3914
    params:
      params.yaml:
        feature_engineering.max_features: 35
    outs:
    - path: data/processed
      hash: md5
      md5: a8c07e8093dadb60b7a4d952b7a27628.dir
      size: 834750
      nfiles: 2
  model_building:
    cmd: python src/model_building.py
    deps:
    - path: data/processed
      hash: md5
      md5: a8c07e8093dadb60b7a4d952b7a27628.dir
      size: 834750
      nfiles: 2
    - path: src/model_building.py
      hash: md5
      md5: af707800947135ec7710052f2bdc10af
      size: 4478
    params:
      params.yaml:
        model_building.n_estimators: 44
        model_building.random_state: 2
    outs:
    - path: models/model.pkl
      hash: md5
      md5: 828b7f6563dbd4a84b57f8c6da0e8a84
      size: 1440430
  model_evaluation:
    cmd: python src/model_evaluation.py
    deps:
    - path: models/model.pkl
      hash: md5
      md5: 828b7f6563dbd4a84b57f8c6da0e8a84
      size: 1440430
    - path: src/model_evaluation.py
      hash: md5
      md5: 16483f4089a797f64e0345ffcca0c00e
      size: 4089
    outs:
    - path: reports/metrics.json
      hash: md5
      md5: 8c76a75d8744662dc6da9d28ea18bbbe
      size: 145
